
Microsoft Visual Studio Solution File, Format Version 12.00
# Visual Studio Version 17
VisualStudioVersion = 17.10.34916.146
MinimumVisualStudioVersion = 10.0.40219.1
Project("{9A19103F-16F7-4668-BE54-9A1E7A4F7556}") = "DiffTwoFiles", "DiffTwoFiles\DiffTwoFiles.csproj", "{28D23298-C0B1-40DD-8198-3A3A9C2E8BF1}"
EndProject
Project("{FAE04EC0-301F-11D3-BF4B-00C04F79EFBC}") = "DiffStatValues", "DiffStatValues\DiffStatValues.csproj", "{81AD7654-5CC0-4803-AEFC-0AA00AF84676}"
EndProject
Global
	GlobalSection(SolutionConfigurationPlatforms) = preSolution
		Debug|Any CPU = Debug|Any CPU
		Release|Any CPU = Release|Any CPU
	EndGlobalSection
	GlobalSection(ProjectConfigurationPlatforms) = postSolution
		{28D23298-C0B1-40DD-8198-3A3A9C2E8BF1}.Debug|Any CPU.ActiveCfg = Debug|Any CPU
		{28D23298-C0B1-40DD-8198-3A3A9C2E8BF1}.Debug|Any CPU.Build.0 = Debug|Any CPU
		{28D23298-C0B1-40DD-8198-3A3A9C2E8BF1}.Release|Any CPU.ActiveCfg = Release|Any CPU
		{28D23298-C0B1-40DD-8198-3A3A9C2E8BF1}.Release|Any CPU.Build.0 = Release|Any CPU
		{81AD7654-5CC0-4803-AEFC-0AA00AF84676}.Debug|Any CPU.ActiveCfg = Debug|Any CPU
		{81AD7654-5CC0-4803-AEFC-0AA00AF84676}.Debug|Any CPU.Build.0 = Debug|Any CPU
		{81AD7654-5CC0-4803-AEFC-0AA00AF84676}.Release|Any CPU.ActiveCfg = Release|Any CPU
		{81AD7654-5CC0-4803-AEFC-0AA00AF84676}.Release|Any CPU.Build.0 = Release|Any CPU
	EndGlobalSection
	GlobalSection(SolutionProperties) = preSolution
		HideSolutionNode = FALSE
	EndGlobalSection
	GlobalSection(ExtensibilityGlobals) = postSolution
		SolutionGuid = {302CCB5B-94C4-44EA-91CE-063607077920}
	EndGlobalSection
EndGlobal
